
Microsoft Visual Studio Solution File, Format Version 12.00
# Visual Studio Version 17
VisualStudioVersion = 17.4.33403.182
MinimumVisualStudioVersion = 10.0.40219.1
Project("{FAE04EC0-301F-11D3-BF4B-00C04F79EFBC}") = "separaNumeros", "separaNumeros\separaNumeros.csproj", "{AF1DB76E-A43D-415F-A5F1-4A60FE1FE73A}"
EndProject
Global
	GlobalSection(SolutionConfigurationPlatforms) = preSolution
		Debug|Any CPU = Debug|Any CPU
		Release|Any CPU = Release|Any CPU
	EndGlobalSection
	GlobalSection(ProjectConfigurationPlatforms) = postSolution
		{AF1DB76E-A43D-415F-A5F1-4A60FE1FE73A}.Debug|Any CPU.ActiveCfg = Debug|Any CPU
		{AF1DB76E-A43D-415F-A5F1-4A60FE1FE73A}.Debug|Any CPU.Build.0 = Debug|Any CPU
		{AF1DB76E-A43D-415F-A5F1-4A60FE1FE73A}.Release|Any CPU.ActiveCfg = Release|Any CPU
		{AF1DB76E-A43D-415F-A5F1-4A60FE1FE73A}.Release|Any CPU.Build.0 = Release|Any CPU
	EndGlobalSection
	GlobalSection(SolutionProperties) = preSolution
		HideSolutionNode = FALSE
	EndGlobalSection
	GlobalSection(ExtensibilityGlobals) = postSolution
		SolutionGuid = {BD17AB61-E3C1-4EC7-AB7F-9A374C13226F}
	EndGlobalSection
EndGlobal
