
Microsoft Visual Studio Solution File, Format Version 12.00
# Visual Studio Version 17
VisualStudioVersion = 17.4.33403.182
MinimumVisualStudioVersion = 10.0.40219.1
Project("{9A19103F-16F7-4668-BE54-9A1E7A4F7556}") = "ExercicioModificadoresAcesso", "ExercicioModificadoresAcesso.csproj", "{3123390C-E949-46F7-91F2-2E3A4259A405}"
EndProject
Global
	GlobalSection(SolutionConfigurationPlatforms) = preSolution
		Debug|Any CPU = Debug|Any CPU
		Release|Any CPU = Release|Any CPU
	EndGlobalSection
	GlobalSection(ProjectConfigurationPlatforms) = postSolution
		{3123390C-E949-46F7-91F2-2E3A4259A405}.Debug|Any CPU.ActiveCfg = Debug|Any CPU
		{3123390C-E949-46F7-91F2-2E3A4259A405}.Debug|Any CPU.Build.0 = Debug|Any CPU
		{3123390C-E949-46F7-91F2-2E3A4259A405}.Release|Any CPU.ActiveCfg = Release|Any CPU
		{3123390C-E949-46F7-91F2-2E3A4259A405}.Release|Any CPU.Build.0 = Release|Any CPU
	EndGlobalSection
	GlobalSection(SolutionProperties) = preSolution
		HideSolutionNode = FALSE
	EndGlobalSection
	GlobalSection(ExtensibilityGlobals) = postSolution
		SolutionGuid = {6F200595-3D65-428F-923C-1A1D97153B58}
	EndGlobalSection
EndGlobal
