
Microsoft Visual Studio Solution File, Format Version 12.00
# Visual Studio Version 17
VisualStudioVersion = 17.4.33403.182
MinimumVisualStudioVersion = 10.0.40219.1
Project("{9A19103F-16F7-4668-BE54-9A1E7A4F7556}") = "AulaMetodosAcessores", "AulaMetodosAcessores.csproj", "{D3152848-9276-49AB-AB11-640AE2ADF86F}"
EndProject
Global
	GlobalSection(SolutionConfigurationPlatforms) = preSolution
		Debug|Any CPU = Debug|Any CPU
		Release|Any CPU = Release|Any CPU
	EndGlobalSection
	GlobalSection(ProjectConfigurationPlatforms) = postSolution
		{D3152848-9276-49AB-AB11-640AE2ADF86F}.Debug|Any CPU.ActiveCfg = Debug|Any CPU
		{D3152848-9276-49AB-AB11-640AE2ADF86F}.Debug|Any CPU.Build.0 = Debug|Any CPU
		{D3152848-9276-49AB-AB11-640AE2ADF86F}.Release|Any CPU.ActiveCfg = Release|Any CPU
		{D3152848-9276-49AB-AB11-640AE2ADF86F}.Release|Any CPU.Build.0 = Release|Any CPU
	EndGlobalSection
	GlobalSection(SolutionProperties) = preSolution
		HideSolutionNode = FALSE
	EndGlobalSection
	GlobalSection(ExtensibilityGlobals) = postSolution
		SolutionGuid = {672C35C8-104F-445C-8644-A30E66CCD754}
	EndGlobalSection
EndGlobal
