
Microsoft Visual Studio Solution File, Format Version 12.00
# Visual Studio Version 17
VisualStudioVersion = 17.4.33403.182
MinimumVisualStudioVersion = 10.0.40219.1
Project("{FAE04EC0-301F-11D3-BF4B-00C04F79EFBC}") = "ExerciciosSemana4", "ExerciciosSemana4.csproj", "{190A525E-23EF-4265-85F3-E8FE00CFB2F7}"
EndProject
Global
	GlobalSection(SolutionConfigurationPlatforms) = preSolution
		Debug|Any CPU = Debug|Any CPU
		Release|Any CPU = Release|Any CPU
	EndGlobalSection
	GlobalSection(ProjectConfigurationPlatforms) = postSolution
		{190A525E-23EF-4265-85F3-E8FE00CFB2F7}.Debug|Any CPU.ActiveCfg = Debug|Any CPU
		{190A525E-23EF-4265-85F3-E8FE00CFB2F7}.Debug|Any CPU.Build.0 = Debug|Any CPU
		{190A525E-23EF-4265-85F3-E8FE00CFB2F7}.Release|Any CPU.ActiveCfg = Release|Any CPU
		{190A525E-23EF-4265-85F3-E8FE00CFB2F7}.Release|Any CPU.Build.0 = Release|Any CPU
	EndGlobalSection
	GlobalSection(SolutionProperties) = preSolution
		HideSolutionNode = FALSE
	EndGlobalSection
	GlobalSection(ExtensibilityGlobals) = postSolution
		SolutionGuid = {F795F34C-BBB7-46C7-8551-B42F71978299}
	EndGlobalSection
EndGlobal
